
Microsoft Visual Studio Solution File, Format Version 12.00
# Visual Studio Version 16
VisualStudioVersion = 16.0.29319.158
MinimumVisualStudioVersion = 10.0.40219.1
Project("{FAE04EC0-301F-11D3-BF4B-00C04F79EFBC}") = "NewsAPI", "NewsAPI\NewsAPI.csproj", "{BFAA0B52-5131-445B-9C4E-1A694707B4FD}"
EndProject
Project("{FAE04EC0-301F-11D3-BF4B-00C04F79EFBC}") = "NewsAPI.XUnitTests", "NewsAPI.XUnitTests\NewsAPI.XUnitTests.csproj", "{A172A817-DEFB-421A-91B2-6D060E5E865F}"
EndProject
Global
	GlobalSection(SolutionConfigurationPlatforms) = preSolution
		Debug|Any CPU = Debug|Any CPU
		Release|Any CPU = Release|Any CPU
	EndGlobalSection
	GlobalSection(ProjectConfigurationPlatforms) = postSolution
		{BFAA0B52-5131-445B-9C4E-1A694707B4FD}.Debug|Any CPU.ActiveCfg = Debug|Any CPU
		{BFAA0B52-5131-445B-9C4E-1A694707B4FD}.Debug|Any CPU.Build.0 = Debug|Any CPU
		{BFAA0B52-5131-445B-9C4E-1A694707B4FD}.Release|Any CPU.ActiveCfg = Release|Any CPU
		{BFAA0B52-5131-445B-9C4E-1A694707B4FD}.Release|Any CPU.Build.0 = Release|Any CPU
		{A172A817-DEFB-421A-91B2-6D060E5E865F}.Debug|Any CPU.ActiveCfg = Debug|Any CPU
		{A172A817-DEFB-421A-91B2-6D060E5E865F}.Debug|Any CPU.Build.0 = Debug|Any CPU
		{A172A817-DEFB-421A-91B2-6D060E5E865F}.Release|Any CPU.ActiveCfg = Release|Any CPU
		{A172A817-DEFB-421A-91B2-6D060E5E865F}.Release|Any CPU.Build.0 = Release|Any CPU
	EndGlobalSection
	GlobalSection(SolutionProperties) = preSolution
		HideSolutionNode = FALSE
	EndGlobalSection
	GlobalSection(ExtensibilityGlobals) = postSolution
		SolutionGuid = {EC778A82-3A42-4A4A-BA21-504C6E8DC9BB}
	EndGlobalSection
EndGlobal
